
Microsoft Visual Studio Solution File, Format Version 12.00
# Visual Studio Version 16
VisualStudioVersion = 25.0.1706.14
MinimumVisualStudioVersion = 10.0.40219.1
Project("{FAE04EC0-301F-11D3-BF4B-00C04F79EFBC}") = "TappApp", "TappApp\TappApp.csproj", "{43D4EA60-B6FE-47A5-83A6-CCF18EB1F37F}"
EndProject
Global
	GlobalSection(SolutionConfigurationPlatforms) = preSolution
		Debug|Any CPU = Debug|Any CPU
		Release|Any CPU = Release|Any CPU
	EndGlobalSection
	GlobalSection(ProjectConfigurationPlatforms) = postSolution
		{43D4EA60-B6FE-47A5-83A6-CCF18EB1F37F}.Debug|Any CPU.ActiveCfg = Debug|Any CPU
		{43D4EA60-B6FE-47A5-83A6-CCF18EB1F37F}.Debug|Any CPU.Build.0 = Debug|Any CPU
		{43D4EA60-B6FE-47A5-83A6-CCF18EB1F37F}.Release|Any CPU.ActiveCfg = Release|Any CPU
		{43D4EA60-B6FE-47A5-83A6-CCF18EB1F37F}.Release|Any CPU.Build.0 = Release|Any CPU
	EndGlobalSection
	GlobalSection(SolutionProperties) = preSolution
		HideSolutionNode = FALSE
	EndGlobalSection
	GlobalSection(ExtensibilityGlobals) = postSolution
		SolutionGuid = {6C039335-086D-468B-8A1D-E03B4B3E6FC2}
	EndGlobalSection
EndGlobal
